{
  "name": "testAframe",
  "version": "0.1.0",
  "lockfileVersion": 1,
  "requires": true,
  "dependencies": {
    "aframe-stats-in-vr-component": {
      "version": "0.1.7",
      "resolved": "https://registry.npmjs.org/aframe-stats-in-vr-component/-/aframe-stats-in-vr-component-0.1.7.tgz",
      "integrity": "sha1-56DLAnfvrg3kkOeM2QjLJVu0OAg="
    }
  }
}
